<?xml version="1.0" encoding="utf-8"?>
<Project ToolsVersion="4.0" xmlns="http://schemas.microsoft.com/developer/msbuild/2003">
  <ItemGroup>
    <Filter Include="ソース ファイル">
      <UniqueIdentifier>{4FC737F1-C7A5-4376-A066-2A32D752A2FF}</UniqueIdentifier>
      <Extensions>cpp;c;cc;cxx;c++;cppm;ixx;def;odl;idl;hpj;bat;asm;asmx</Extensions>
    </Filter>
    <Filter Include="ヘッダー ファイル">
      <UniqueIdentifier>{93995380-89BD-4b04-88EB-625FBE52EBFB}</UniqueIdentifier>
      <Extensions>h;hh;hpp;hxx;h++;hm;inl;inc;ipp;xsd</Extensions>
    </Filter>
    <Filter Include="リソース ファイル">
      <UniqueIdentifier>{67DA6AB6-F800-4c08-8B7A-83BB121AAD01}</UniqueIdentifier>
      <Extensions>rc;ico;cur;bmp;dlg;rc2;rct;bin;rgs;gif;jpg;jpeg;jpe;resx;tiff;tif;png;wav;mfcribbon-ms</Extensions>
    </Filter>
    <Filter Include="imgui">
      <UniqueIdentifier>{606fb1cf-2e0b-4cd2-b7d5-27f8be018fc9}</UniqueIdentifier>
    </Filter>
    <Filter Include="ソース ファイル\gameEngine">
      <UniqueIdentifier>{c342cc8c-9d82-4cad-821c-bd046ef23a6e}</UniqueIdentifier>
    </Filter>
    <Filter Include="ヘッダー ファイル\gameEngine">
      <UniqueIdentifier>{371d98e7-2f8e-48a2-bf9c-e75e1803c7f8}</UniqueIdentifier>
    </Filter>
    <Filter Include="ソース ファイル\gameEngine\2d">
      <UniqueIdentifier>{52376a32-cb74-4397-85cf-e8aa89b12848}</UniqueIdentifier>
    </Filter>
    <Filter Include="ソース ファイル\gameEngine\3d">
      <UniqueIdentifier>{bef3cb34-236d-429b-9b27-7726c73196e7}</UniqueIdentifier>
    </Filter>
    <Filter Include="ソース ファイル\gameEngine\audio">
      <UniqueIdentifier>{f7c53fa3-b2f5-46a9-89df-da49dc39dd39}</UniqueIdentifier>
    </Filter>
    <Filter Include="ソース ファイル\gameEngine\base">
      <UniqueIdentifier>{02969847-fb4f-4381-adc4-7775aa7816e5}</UniqueIdentifier>
    </Filter>
    <Filter Include="ソース ファイル\gameEngine\io">
      <UniqueIdentifier>{2b10e183-bf24-4762-bdbc-69812c2ed906}</UniqueIdentifier>
    </Filter>
    <Filter Include="ソース ファイル\gameEngine\math">
      <UniqueIdentifier>{d9ec49d9-702a-448e-8b62-1e5ece83a1c7}</UniqueIdentifier>
    </Filter>
    <Filter Include="ソース ファイル\gameEngine\utility">
      <UniqueIdentifier>{0d5a4723-bad3-41d2-8e77-9b9da8a7b9bf}</UniqueIdentifier>
    </Filter>
    <Filter Include="ヘッダー ファイル\gameEngine\2d">
      <UniqueIdentifier>{deb56f72-d0d6-4596-8744-83c855357dcd}</UniqueIdentifier>
    </Filter>
    <Filter Include="ヘッダー ファイル\gameEngine\3d">
      <UniqueIdentifier>{465632ff-3f87-49f8-8079-6a74cb347ecc}</UniqueIdentifier>
    </Filter>
    <Filter Include="ヘッダー ファイル\gameEngine\audio">
      <UniqueIdentifier>{01050ba7-7c78-47d2-a448-19f9afdccc5d}</UniqueIdentifier>
    </Filter>
    <Filter Include="ヘッダー ファイル\gameEngine\base">
      <UniqueIdentifier>{1e6f46c4-d5d5-4ac0-8440-e769225f1434}</UniqueIdentifier>
    </Filter>
    <Filter Include="ヘッダー ファイル\gameEngine\io">
      <UniqueIdentifier>{cc761a58-bf54-4e56-a426-467aa4ce8c67}</UniqueIdentifier>
    </Filter>
    <Filter Include="ヘッダー ファイル\gameEngine\math">
      <UniqueIdentifier>{4b92730f-d135-4b75-9d26-5dc10f9098f0}</UniqueIdentifier>
    </Filter>
    <Filter Include="ヘッダー ファイル\gameEngine\utility">
      <UniqueIdentifier>{7785019f-05e8-455a-9f02-d79605ddbec6}</UniqueIdentifier>
    </Filter>
    <Filter Include="ソース ファイル\gameEngine\3d\camera">
      <UniqueIdentifier>{60c5a219-94fe-46d7-bace-764fe5c3ffb9}</UniqueIdentifier>
    </Filter>
    <Filter Include="ソース ファイル\gameEngine\3d\model">
      <UniqueIdentifier>{990846ed-f9ee-48f7-9a74-5146751fd5bc}</UniqueIdentifier>
    </Filter>
    <Filter Include="ソース ファイル\gameEngine\3d\object">
      <UniqueIdentifier>{3e6cdaca-2b91-4f8f-b812-3349ecfca2da}</UniqueIdentifier>
    </Filter>
    <Filter Include="ソース ファイル\gameEngine\base\DirectX">
      <UniqueIdentifier>{80fc0c90-df9f-41b9-b6cd-9249f17287b1}</UniqueIdentifier>
    </Filter>
    <Filter Include="ソース ファイル\gameEngine\base\scene">
      <UniqueIdentifier>{47f6785e-c28e-4eac-9ec2-5ec3fe06ccde}</UniqueIdentifier>
    </Filter>
    <Filter Include="ソース ファイル\gameEngine\base\imgui">
      <UniqueIdentifier>{7c299b98-b89b-471b-af6f-15c8e3ec09af}</UniqueIdentifier>
    </Filter>
    <Filter Include="ソース ファイル\scene">
      <UniqueIdentifier>{d746b434-0513-4b14-8134-1007074a473a}</UniqueIdentifier>
    </Filter>
    <Filter Include="ヘッダー ファイル\gameEngine\3d\camera">
      <UniqueIdentifier>{cdc9760e-4a62-4202-9c1c-4a8e78a77717}</UniqueIdentifier>
    </Filter>
    <Filter Include="ヘッダー ファイル\gameEngine\3d\model">
      <UniqueIdentifier>{a6c6368b-2b27-4ed9-b807-8ff3a5c15e0e}</UniqueIdentifier>
    </Filter>
    <Filter Include="ヘッダー ファイル\gameEngine\3d\object">
      <UniqueIdentifier>{16b604b5-ed58-4048-8bc7-4dd58f7e05eb}</UniqueIdentifier>
    </Filter>
    <Filter Include="ヘッダー ファイル\gameEngine\base\DirectX">
      <UniqueIdentifier>{c5ef7569-44f8-46ff-a149-8e83e28ac086}</UniqueIdentifier>
    </Filter>
    <Filter Include="ヘッダー ファイル\gameEngine\base\imgui">
      <UniqueIdentifier>{5d75e212-43ee-485b-bb1b-6d6dfbc6519d}</UniqueIdentifier>
    </Filter>
    <Filter Include="ヘッダー ファイル\gameEngine\base\scene">
      <UniqueIdentifier>{098091c6-71a1-4c77-ab19-77140c058eba}</UniqueIdentifier>
    </Filter>
    <Filter Include="ヘッダー ファイル\scene">
      <UniqueIdentifier>{50af23c5-db30-4baa-bf89-74898c0c5192}</UniqueIdentifier>
    </Filter>
  </ItemGroup>
  <ItemGroup>
    <ClCompile Include="main.cpp">
      <Filter>ソース ファイル</Filter>
    </ClCompile>
    <ClCompile Include="externals\imgui\imgui.cpp">
      <Filter>imgui</Filter>
    </ClCompile>
    <ClCompile Include="externals\imgui\imgui_demo.cpp">
      <Filter>imgui</Filter>
    </ClCompile>
    <ClCompile Include="externals\imgui\imgui_draw.cpp">
      <Filter>imgui</Filter>
    </ClCompile>
    <ClCompile Include="externals\imgui\imgui_impl_dx12.cpp">
      <Filter>imgui</Filter>
    </ClCompile>
    <ClCompile Include="externals\imgui\imgui_impl_win32.cpp">
      <Filter>imgui</Filter>
    </ClCompile>
    <ClCompile Include="externals\imgui\imgui_tables.cpp">
      <Filter>imgui</Filter>
    </ClCompile>
    <ClCompile Include="externals\imgui\imgui_widgets.cpp">
      <Filter>imgui</Filter>
    </ClCompile>
    <ClCompile Include="gameEngine\2d\Sprite.cpp">
      <Filter>ソース ファイル\gameEngine\2d</Filter>
    </ClCompile>
    <ClCompile Include="gameEngine\2d\SpriteCommon.cpp">
      <Filter>ソース ファイル\gameEngine\2d</Filter>
    </ClCompile>
    <ClCompile Include="gameEngine\base\WinApp.cpp">
      <Filter>ソース ファイル\gameEngine\base</Filter>
    </ClCompile>
    <ClCompile Include="gameEngine\io\Input.cpp">
      <Filter>ソース ファイル\gameEngine\io</Filter>
    </ClCompile>
    <ClCompile Include="gameEngine\utility\Logger.cpp">
      <Filter>ソース ファイル\gameEngine\utility</Filter>
    </ClCompile>
    <ClCompile Include="gameEngine\utility\StringUtility.cpp">
      <Filter>ソース ファイル\gameEngine\utility</Filter>
    </ClCompile>
    <ClCompile Include="gameEngine\2d\TextureManager.cpp">
      <Filter>ソース ファイル\gameEngine\2d</Filter>
    </ClCompile>
    <ClCompile Include="gameEngine\math\Matrix4x4.cpp">
      <Filter>ソース ファイル\gameEngine\math</Filter>
    </ClCompile>
    <ClCompile Include="gameEngine\math\Vector3.cpp">
      <Filter>ソース ファイル\gameEngine\math</Filter>
    </ClCompile>
    <ClCompile Include="gameEngine\audio\Audio.cpp">
      <Filter>ソース ファイル\gameEngine\audio</Filter>
    </ClCompile>
    <ClCompile Include="scene\GamePlayScene.cpp">
      <Filter>ソース ファイル\scene</Filter>
    </ClCompile>
    <ClCompile Include="gameEngine\math\CalculateMath.cpp">
      <Filter>ソース ファイル\gameEngine\math</Filter>
    </ClCompile>
    <ClCompile Include="gameEngine\math\Quaternion.cpp">
      <Filter>ソース ファイル\gameEngine\math</Filter>
    </ClCompile>
    <ClCompile Include="gameEngine\2d\Draw2D.cpp">
      <Filter>ソース ファイル\gameEngine\2d</Filter>
    </ClCompile>
    <ClCompile Include="gameEngine\3d\camera\Camera.cpp">
      <Filter>ソース ファイル\gameEngine\3d\camera</Filter>
    </ClCompile>
    <ClCompile Include="gameEngine\3d\camera\CameraManager.cpp">
      <Filter>ソース ファイル\gameEngine\3d\camera</Filter>
    </ClCompile>
    <ClCompile Include="gameEngine\3d\model\Model.cpp">
      <Filter>ソース ファイル\gameEngine\3d\model</Filter>
    </ClCompile>
    <ClCompile Include="gameEngine\3d\model\ModelCommon.cpp">
      <Filter>ソース ファイル\gameEngine\3d\model</Filter>
    </ClCompile>
    <ClCompile Include="gameEngine\3d\model\ModelManager.cpp">
      <Filter>ソース ファイル\gameEngine\3d\model</Filter>
    </ClCompile>
    <ClCompile Include="gameEngine\3d\object\Object3d.cpp">
      <Filter>ソース ファイル\gameEngine\3d\object</Filter>
    </ClCompile>
    <ClCompile Include="gameEngine\3d\object\Object3dCommon.cpp">
      <Filter>ソース ファイル\gameEngine\3d\object</Filter>
    </ClCompile>
    <ClCompile Include="gameEngine\3d\ViewProjection.cpp">
      <Filter>ソース ファイル\gameEngine\3d</Filter>
    </ClCompile>
    <ClCompile Include="gameEngine\3d\WorldTransform.cpp">
      <Filter>ソース ファイル\gameEngine\3d</Filter>
    </ClCompile>
    <ClCompile Include="gameEngine\base\DirectX\D3DResourceLeakChecker.cpp">
      <Filter>ソース ファイル\gameEngine\base\DirectX</Filter>
    </ClCompile>
    <ClCompile Include="gameEngine\base\DirectX\DirectXCommon.cpp">
      <Filter>ソース ファイル\gameEngine\base\DirectX</Filter>
    </ClCompile>
    <ClCompile Include="gameEngine\base\DirectX\SrvManager.cpp">
      <Filter>ソース ファイル\gameEngine\base\DirectX</Filter>
    </ClCompile>
    <ClCompile Include="gameEngine\base\scene\Framework.cpp">
      <Filter>ソース ファイル\gameEngine\base\scene</Filter>
    </ClCompile>
    <ClCompile Include="gameEngine\base\scene\SceneManager.cpp">
      <Filter>ソース ファイル\gameEngine\base\scene</Filter>
    </ClCompile>
    <ClCompile Include="gameEngine\base\scene\BaseScene.cpp">
      <Filter>ソース ファイル\gameEngine\base\scene</Filter>
    </ClCompile>
    <ClCompile Include="gameEngine\base\imgui\ImGuiManager.cpp">
      <Filter>ソース ファイル\gameEngine\base\imgui</Filter>
    </ClCompile>
    <ClCompile Include="scene\TitleScene.cpp">
      <Filter>ソース ファイル\scene</Filter>
    </ClCompile>
    <ClCompile Include="scene\SceneFactory.cpp">
      <Filter>ソース ファイル\scene</Filter>
    </ClCompile>
    <ClCompile Include="scene\MyGame.cpp">
      <Filter>ソース ファイル\scene</Filter>
    </ClCompile>
    <ClCompile Include="gameEngine\3d\object\Draw3D.cpp">
      <Filter>ソース ファイル\gameEngine\3d\object</Filter>
    </ClCompile>
    <ClCompile Include="scene\include\Sample.cpp">
      <Filter>ソース ファイル</Filter>
    </ClCompile>
  </ItemGroup>
  <ItemGroup>
    <ClInclude Include="externals\imgui\imconfig.h">
      <Filter>imgui</Filter>
    </ClInclude>
    <ClInclude Include="externals\imgui\imgui.h">
      <Filter>imgui</Filter>
    </ClInclude>
    <ClInclude Include="externals\imgui\imgui_impl_dx12.h">
      <Filter>imgui</Filter>
    </ClInclude>
    <ClInclude Include="externals\imgui\imgui_impl_win32.h">
      <Filter>imgui</Filter>
    </ClInclude>
    <ClInclude Include="externals\imgui\imgui_internal.h">
      <Filter>imgui</Filter>
    </ClInclude>
    <ClInclude Include="externals\imgui\imstb_rectpack.h">
      <Filter>imgui</Filter>
    </ClInclude>
    <ClInclude Include="externals\imgui\imstb_textedit.h">
      <Filter>imgui</Filter>
    </ClInclude>
    <ClInclude Include="externals\imgui\imstb_truetype.h">
      <Filter>imgui</Filter>
    </ClInclude>
    <ClInclude Include="gameEngine\2d\Sprite.h">
      <Filter>ヘッダー ファイル\gameEngine\2d</Filter>
    </ClInclude>
    <ClInclude Include="gameEngine\2d\SpriteCommon.h">
      <Filter>ヘッダー ファイル\gameEngine\2d</Filter>
    </ClInclude>
    <ClInclude Include="gameEngine\2d\TextureManager.h">
      <Filter>ヘッダー ファイル\gameEngine\2d</Filter>
    </ClInclude>
    <ClInclude Include="gameEngine\base\WinApp.h">
      <Filter>ヘッダー ファイル\gameEngine\base</Filter>
    </ClInclude>
    <ClInclude Include="gameEngine\io\Input.h">
      <Filter>ヘッダー ファイル\gameEngine\io</Filter>
    </ClInclude>
    <ClInclude Include="gameEngine\math\Matrix4x4.h">
      <Filter>ヘッダー ファイル\gameEngine\math</Filter>
    </ClInclude>
    <ClInclude Include="gameEngine\math\Vector2.h">
      <Filter>ヘッダー ファイル\gameEngine\math</Filter>
    </ClInclude>
    <ClInclude Include="gameEngine\math\Vector3.h">
      <Filter>ヘッダー ファイル\gameEngine\math</Filter>
    </ClInclude>
    <ClInclude Include="gameEngine\math\Vector4.h">
      <Filter>ヘッダー ファイル\gameEngine\math</Filter>
    </ClInclude>
    <ClInclude Include="gameEngine\utility\Logger.h">
      <Filter>ヘッダー ファイル\gameEngine\utility</Filter>
    </ClInclude>
    <ClInclude Include="gameEngine\utility\StringUtility.h">
      <Filter>ヘッダー ファイル\gameEngine\utility</Filter>
    </ClInclude>
    <ClInclude Include="gameEngine\audio\Audio.h">
      <Filter>ヘッダー ファイル\gameEngine\audio</Filter>
    </ClInclude>
    <ClInclude Include="scene\GamePlayScene.h">
      <Filter>ヘッダー ファイル\scene</Filter>
    </ClInclude>
    <ClInclude Include="gameEngine\math\CalculateMath.h">
      <Filter>ヘッダー ファイル\gameEngine\math</Filter>
    </ClInclude>
    <ClInclude Include="gameEngine\math\Quaternion.h">
      <Filter>ヘッダー ファイル\gameEngine\math</Filter>
    </ClInclude>
    <ClInclude Include="gameEngine\2d\Draw2D.h">
      <Filter>ヘッダー ファイル\gameEngine\2d</Filter>
    </ClInclude>
    <ClInclude Include="gameEngine\2d\Draw2DStruct.h">
      <Filter>ヘッダー ファイル\gameEngine\2d</Filter>
    </ClInclude>
    <ClInclude Include="gameEngine\3d\camera\Camera.h">
      <Filter>ヘッダー ファイル\gameEngine\3d\camera</Filter>
    </ClInclude>
    <ClInclude Include="gameEngine\3d\camera\CameraManager.h">
      <Filter>ヘッダー ファイル\gameEngine\3d\camera</Filter>
    </ClInclude>
    <ClInclude Include="gameEngine\3d\model\Model.h">
      <Filter>ヘッダー ファイル\gameEngine\3d\model</Filter>
    </ClInclude>
    <ClInclude Include="gameEngine\3d\model\ModelCommon.h">
      <Filter>ヘッダー ファイル\gameEngine\3d\model</Filter>
    </ClInclude>
    <ClInclude Include="gameEngine\3d\model\ModelManager.h">
      <Filter>ヘッダー ファイル\gameEngine\3d\model</Filter>
    </ClInclude>
    <ClInclude Include="gameEngine\3d\object\Object3d.h">
      <Filter>ヘッダー ファイル\gameEngine\3d\object</Filter>
    </ClInclude>
    <ClInclude Include="gameEngine\3d\object\Object3dCommon.h">
      <Filter>ヘッダー ファイル\gameEngine\3d\object</Filter>
    </ClInclude>
    <ClInclude Include="gameEngine\base\scene\Framework.h">
      <Filter>ヘッダー ファイル\gameEngine\base\scene</Filter>
    </ClInclude>
    <ClInclude Include="gameEngine\base\DirectX\D3DResourceLeakChecker.h">
      <Filter>ヘッダー ファイル\gameEngine\base\DirectX</Filter>
    </ClInclude>
    <ClInclude Include="gameEngine\base\DirectX\DirectXCommon.h">
      <Filter>ヘッダー ファイル\gameEngine\base\DirectX</Filter>
    </ClInclude>
    <ClInclude Include="gameEngine\base\DirectX\SrvManager.h">
      <Filter>ヘッダー ファイル\gameEngine\base\DirectX</Filter>
    </ClInclude>
    <ClInclude Include="gameEngine\base\imgui\ImGuiManager.h">
      <Filter>ヘッダー ファイル\gameEngine\base\imgui</Filter>
    </ClInclude>
    <ClInclude Include="gameEngine\base\scene\AbstractSceneFactory.h">
      <Filter>ヘッダー ファイル\gameEngine\base\scene</Filter>
    </ClInclude>
    <ClInclude Include="gameEngine\audio\AudioStruct.h">
      <Filter>ヘッダー ファイル\gameEngine\audio</Filter>
    </ClInclude>
    <ClInclude Include="gameEngine\base\scene\BaseScene.h">
      <Filter>ヘッダー ファイル\gameEngine\base\scene</Filter>
    </ClInclude>
    <ClInclude Include="gameEngine\base\scene\SceneManager.h">
      <Filter>ヘッダー ファイル\gameEngine\base\scene</Filter>
    </ClInclude>
    <ClInclude Include="gameEngine\3d\model\ModelStruct.h">
      <Filter>ヘッダー ファイル\gameEngine\3d\model</Filter>
    </ClInclude>
    <ClInclude Include="scene\SceneFactory.h">
      <Filter>ヘッダー ファイル\scene</Filter>
    </ClInclude>
    <ClInclude Include="scene\TitleScene.h">
      <Filter>ヘッダー ファイル\scene</Filter>
    </ClInclude>
    <ClInclude Include="gameEngine\3d\ViewProjection.h">
      <Filter>ヘッダー ファイル\gameEngine\3d</Filter>
    </ClInclude>
    <ClInclude Include="gameEngine\3d\WorldTransform.h">
      <Filter>ヘッダー ファイル\gameEngine\3d</Filter>
    </ClInclude>
    <ClInclude Include="scene\MyGame.h">
      <Filter>ヘッダー ファイル\scene</Filter>
    </ClInclude>
    <ClInclude Include="gameEngine\3d\object\Draw3D.h">
      <Filter>ヘッダー ファイル</Filter>
    </ClInclude>
    <ClInclude Include="gameEngine\3d\object\CollisionStruct.h">
      <Filter>ヘッダー ファイル</Filter>
    </ClInclude>
    <ClInclude Include="scene\include\Sample.h">
      <Filter>ヘッダー ファイル</Filter>
    </ClInclude>
  </ItemGroup>
  <ItemGroup>
    <Text Include="externals\imgui\LICENSE.txt">
      <Filter>imgui</Filter>
    </Text>
  </ItemGroup>
  <ItemGroup>
    <None Include="Resources\shaders\Object3d.hlsli" />
  </ItemGroup>
  <ItemGroup>
    <FxCompile Include="Resources\shaders\Object3d.PS.hlsl" />
    <FxCompile Include="Resources\shaders\Object3d.VS.hlsl" />
  </ItemGroup>
</Project>